// !$*UTF8*$!
{
	archiveVersion = 1;
	classes = {
	};
	objectVersion = 50;
	objects = {

/* Begin PBXBuildFile section */
		3FE9AC8C9D65CF5EEF9053D8 /* Pods_Axon.framework in Frameworks */ = {isa = PBXBuildFile; fileRef = EF0F8BBBDBE3AAA08FA9F373 /* Pods_Axon.framework */; };
		B933ACE321F90182001ED63A /* HomeViewController.swift in Sources */ = {isa = PBXBuildFile; fileRef = B933ACE221F90182001ED63A /* HomeViewController.swift */; };
		B933ACE721F901BE001ED63A /* HomeViewControllerExtension.swift in Sources */ = {isa = PBXBuildFile; fileRef = B933ACE621F901BE001ED63A /* HomeViewControllerExtension.swift */; };
		B933ACEA21F909FA001ED63A /* Request.swift in Sources */ = {isa = PBXBuildFile; fileRef = B933ACE921F909FA001ED63A /* Request.swift */; };
		B978FE0921F8FA4800AC8335 /* AppDelegate.swift in Sources */ = {isa = PBXBuildFile; fileRef = B978FE0821F8FA4800AC8335 /* AppDelegate.swift */; };
		B978FE0E21F8FA4800AC8335 /* Main.storyboard in Resources */ = {isa = PBXBuildFile; fileRef = B978FE0C21F8FA4800AC8335 /* Main.storyboard */; };
		B978FE1021F8FA4D00AC8335 /* Assets.xcassets in Resources */ = {isa = PBXBuildFile; fileRef = B978FE0F21F8FA4D00AC8335 /* Assets.xcassets */; };
		B978FE1321F8FA4D00AC8335 /* LaunchScreen.storyboard in Resources */ = {isa = PBXBuildFile; fileRef = B978FE1121F8FA4D00AC8335 /* LaunchScreen.storyboard */; };
		B9EFB40C21F9201E002ACA03 /* UserInfo.swift in Sources */ = {isa = PBXBuildFile; fileRef = B9EFB40B21F9201E002ACA03 /* UserInfo.swift */; };
		B9EFB40F21F9E8BB002ACA03 /* UserCollectionViewCell.swift in Sources */ = {isa = PBXBuildFile; fileRef = B9EFB40D21F9E8BB002ACA03 /* UserCollectionViewCell.swift */; };
		B9EFB41021F9E8BB002ACA03 /* UserCollectionViewCell.xib in Resources */ = {isa = PBXBuildFile; fileRef = B9EFB40E21F9E8BB002ACA03 /* UserCollectionViewCell.xib */; };
		B9EFB41221FA552D002ACA03 /* UserInfoViewController.swift in Sources */ = {isa = PBXBuildFile; fileRef = B9EFB41121FA552D002ACA03 /* UserInfoViewController.swift */; };
		B9EFB41521FA56AD002ACA03 /* UIImageExtension.swift in Sources */ = {isa = PBXBuildFile; fileRef = B9EFB41421FA56AD002ACA03 /* UIImageExtension.swift */; };
		B9EFB41921FA6481002ACA03 /* UICollectionViewExtension.swift in Sources */ = {isa = PBXBuildFile; fileRef = B9EFB41821FA6481002ACA03 /* UICollectionViewExtension.swift */; };
		B9EFB41B21FA6B8E002ACA03 /* SrtingExtension.swift in Sources */ = {isa = PBXBuildFile; fileRef = B9EFB41A21FA6B8E002ACA03 /* SrtingExtension.swift */; };
/* End PBXBuildFile section */

/* Begin PBXFileReference section */
		03BF3A03F63D1FFCAE899E51 /* Pods-Axon.debug.xcconfig */ = {isa = PBXFileReference; includeInIndex = 1; lastKnownFileType = text.xcconfig; name = "Pods-Axon.debug.xcconfig"; path = "Pods/Target Support Files/Pods-Axon/Pods-Axon.debug.xcconfig"; sourceTree = "<group>"; };
		288D768AC3592877DAC65C44 /* Pods-Axon.release.xcconfig */ = {isa = PBXFileReference; includeInIndex = 1; lastKnownFileType = text.xcconfig; name = "Pods-Axon.release.xcconfig"; path = "Pods/Target Support Files/Pods-Axon/Pods-Axon.release.xcconfig"; sourceTree = "<group>"; };
		B933ACE221F90182001ED63A /* HomeViewController.swift */ = {isa = PBXFileReference; lastKnownFileType = sourcecode.swift; path = HomeViewController.swift; sourceTree = "<group>"; };
		B933ACE621F901BE001ED63A /* HomeViewControllerExtension.swift */ = {isa = PBXFileReference; lastKnownFileType = sourcecode.swift; path = HomeViewControllerExtension.swift; sourceTree = "<group>"; };
		B933ACE921F909FA001ED63A /* Request.swift */ = {isa = PBXFileReference; lastKnownFileType = sourcecode.swift; path = Request.swift; sourceTree = "<group>"; };
		B978FE0521F8FA4800AC8335 /* Axon.app */ = {isa = PBXFileReference; explicitFileType = wrapper.application; includeInIndex = 0; path = Axon.app; sourceTree = BUILT_PRODUCTS_DIR; };
		B978FE0821F8FA4800AC8335 /* AppDelegate.swift */ = {isa = PBXFileReference; lastKnownFileType = sourcecode.swift; path = AppDelegate.swift; sourceTree = "<group>"; };
		B978FE0D21F8FA4800AC8335 /* Base */ = {isa = PBXFileReference; lastKnownFileType = file.storyboard; name = Base; path = Base.lproj/Main.storyboard; sourceTree = "<group>"; };
		B978FE0F21F8FA4D00AC8335 /* Assets.xcassets */ = {isa = PBXFileReference; lastKnownFileType = folder.assetcatalog; path = Assets.xcassets; sourceTree = "<group>"; };
		B978FE1221F8FA4D00AC8335 /* Base */ = {isa = PBXFileReference; lastKnownFileType = file.storyboard; name = Base; path = Base.lproj/LaunchScreen.storyboard; sourceTree = "<group>"; };
		B978FE1421F8FA4D00AC8335 /* Info.plist */ = {isa = PBXFileReference; lastKnownFileType = text.plist.xml; path = Info.plist; sourceTree = "<group>"; };
		B9EFB40B21F9201E002ACA03 /* UserInfo.swift */ = {isa = PBXFileReference; lastKnownFileType = sourcecode.swift; path = UserInfo.swift; sourceTree = "<group>"; };
		B9EFB40D21F9E8BB002ACA03 /* UserCollectionViewCell.swift */ = {isa = PBXFileReference; lastKnownFileType = sourcecode.swift; path = UserCollectionViewCell.swift; sourceTree = "<group>"; };
		B9EFB40E21F9E8BB002ACA03 /* UserCollectionViewCell.xib */ = {isa = PBXFileReference; lastKnownFileType = file.xib; path = UserCollectionViewCell.xib; sourceTree = "<group>"; };
		B9EFB41121FA552D002ACA03 /* UserInfoViewController.swift */ = {isa = PBXFileReference; lastKnownFileType = sourcecode.swift; path = UserInfoViewController.swift; sourceTree = "<group>"; };
		B9EFB41421FA56AD002ACA03 /* UIImageExtension.swift */ = {isa = PBXFileReference; lastKnownFileType = sourcecode.swift; path = UIImageExtension.swift; sourceTree = "<group>"; };
		B9EFB41821FA6481002ACA03 /* UICollectionViewExtension.swift */ = {isa = PBXFileReference; lastKnownFileType = sourcecode.swift; path = UICollectionViewExtension.swift; sourceTree = "<group>"; };
		B9EFB41A21FA6B8E002ACA03 /* SrtingExtension.swift */ = {isa = PBXFileReference; lastKnownFileType = sourcecode.swift; path = SrtingExtension.swift; sourceTree = "<group>"; };
		EF0F8BBBDBE3AAA08FA9F373 /* Pods_Axon.framework */ = {isa = PBXFileReference; explicitFileType = wrapper.framework; includeInIndex = 0; path = Pods_Axon.framework; sourceTree = BUILT_PRODUCTS_DIR; };
/* End PBXFileReference section */

/* Begin PBXFrameworksBuildPhase section */
		B978FE0221F8FA4800AC8335 /* Frameworks */ = {
			isa = PBXFrameworksBuildPhase;
			buildActionMask = 2147483647;
			files = (
				3FE9AC8C9D65CF5EEF9053D8 /* Pods_Axon.framework in Frameworks */,
			);
			runOnlyForDeploymentPostprocessing = 0;
		};
/* End PBXFrameworksBuildPhase section */

/* Begin PBXGroup section */
		0122AFEBC627909D1AAAB41A /* Frameworks */ = {
			isa = PBXGroup;
			children = (
				EF0F8BBBDBE3AAA08FA9F373 /* Pods_Axon.framework */,
			);
			name = Frameworks;
			sourceTree = "<group>";
		};
		1FD611E321FAF80700CBAA7B /* CollectionViewCells */ = {
			isa = PBXGroup;
			children = (
				B9EFB40D21F9E8BB002ACA03 /* UserCollectionViewCell.swift */,
			);
			path = CollectionViewCells;
			sourceTree = "<group>";
		};
		A47A7B46C1B52431BE20AD0E /* Pods */ = {
			isa = PBXGroup;
			children = (
				03BF3A03F63D1FFCAE899E51 /* Pods-Axon.debug.xcconfig */,
				288D768AC3592877DAC65C44 /* Pods-Axon.release.xcconfig */,
			);
			name = Pods;
			sourceTree = "<group>";
		};
		B933ACDA21F90068001ED63A /* AppHandling */ = {
			isa = PBXGroup;
			children = (
				B978FE0821F8FA4800AC8335 /* AppDelegate.swift */,
			);
			path = AppHandling;
			sourceTree = "<group>";
		};
		B933ACDB21F9009C001ED63A /* Resources */ = {
			isa = PBXGroup;
			children = (
				B978FE0F21F8FA4D00AC8335 /* Assets.xcassets */,
			);
			path = Resources;
			sourceTree = "<group>";
		};
		B933ACDC21F900BA001ED63A /* Modules */ = {
			isa = PBXGroup;
			children = (
				B933ACDF21F900F4001ED63A /* View */,
				B933ACE021F90109001ED63A /* HomeScreen */,
				B933ACE121F90154001ED63A /* UserInfoScreen */,
			);
			path = Modules;
			sourceTree = "<group>";
		};
		B933ACDD21F900C6001ED63A /* Models */ = {
			isa = PBXGroup;
			children = (
				B9EFB40B21F9201E002ACA03 /* UserInfo.swift */,
			);
			path = Models;
			sourceTree = "<group>";
		};
		B933ACDE21F900DC001ED63A /* Services */ = {
			isa = PBXGroup;
			children = (
				B933ACE921F909FA001ED63A /* Request.swift */,
			);
			path = Services;
			sourceTree = "<group>";
		};
		B933ACDF21F900F4001ED63A /* View */ = {
			isa = PBXGroup;
			children = (
				B978FE0C21F8FA4800AC8335 /* Main.storyboard */,
				B933ACE821F902A5001ED63A /* CollectionCellsXibs */,
			);
			path = View;
			sourceTree = "<group>";
		};
		B933ACE021F90109001ED63A /* HomeScreen */ = {
			isa = PBXGroup;
			children = (
				B933ACE221F90182001ED63A /* HomeViewController.swift */,
				B933ACE621F901BE001ED63A /* HomeViewControllerExtension.swift */,
				1FD611E321FAF80700CBAA7B /* CollectionViewCells */,
			);
			path = HomeScreen;
			sourceTree = "<group>";
		};
		B933ACE121F90154001ED63A /* UserInfoScreen */ = {
			isa = PBXGroup;
			children = (
				B9EFB41121FA552D002ACA03 /* UserInfoViewController.swift */,
			);
			path = UserInfoScreen;
			sourceTree = "<group>";
		};
		B933ACE821F902A5001ED63A /* CollectionCellsXibs */ = {
			isa = PBXGroup;
			children = (
				B9EFB40E21F9E8BB002ACA03 /* UserCollectionViewCell.xib */,
			);
			path = CollectionCellsXibs;
			sourceTree = "<group>";
		};
		B978FDFC21F8FA4800AC8335 = {
			isa = PBXGroup;
			children = (
				B978FE0721F8FA4800AC8335 /* Axon */,
				B978FE0621F8FA4800AC8335 /* Products */,
				A47A7B46C1B52431BE20AD0E /* Pods */,
				0122AFEBC627909D1AAAB41A /* Frameworks */,
			);
			sourceTree = "<group>";
		};
		B978FE0621F8FA4800AC8335 /* Products */ = {
			isa = PBXGroup;
			children = (
				B978FE0521F8FA4800AC8335 /* Axon.app */,
			);
			name = Products;
			sourceTree = "<group>";
		};
		B978FE0721F8FA4800AC8335 /* Axon */ = {
			isa = PBXGroup;
			children = (
				B933ACDA21F90068001ED63A /* AppHandling */,
				B933ACDC21F900BA001ED63A /* Modules */,
				B933ACDD21F900C6001ED63A /* Models */,
				B933ACDE21F900DC001ED63A /* Services */,
				B9EFB41321FA5679002ACA03 /* Extension */,
				B933ACDB21F9009C001ED63A /* Resources */,
				B978FE1121F8FA4D00AC8335 /* LaunchScreen.storyboard */,
				B978FE1421F8FA4D00AC8335 /* Info.plist */,
			);
			path = Axon;
			sourceTree = "<group>";
		};
		B9EFB41321FA5679002ACA03 /* Extension */ = {
			isa = PBXGroup;
			children = (
				B9EFB41421FA56AD002ACA03 /* UIImageExtension.swift */,
				B9EFB41821FA6481002ACA03 /* UICollectionViewExtension.swift */,
				B9EFB41A21FA6B8E002ACA03 /* SrtingExtension.swift */,
			);
			path = Extension;
			sourceTree = "<group>";
		};
/* End PBXGroup section */

/* Begin PBXNativeTarget section */
		B978FE0421F8FA4800AC8335 /* Axon */ = {
			isa = PBXNativeTarget;
			buildConfigurationList = B978FE1721F8FA4D00AC8335 /* Build configuration list for PBXNativeTarget "Axon" */;
			buildPhases = (
				C5FD5F4AFECA6BE5DB653EC0 /* [CP] Check Pods Manifest.lock */,
				B978FE0121F8FA4800AC8335 /* Sources */,
				B978FE0221F8FA4800AC8335 /* Frameworks */,
				B978FE0321F8FA4800AC8335 /* Resources */,
				21AC42A1F25F79CCC8B9446E /* [CP] Embed Pods Frameworks */,
				ECDE19B86E96FF0F9392CE10 /* [CP] Copy Pods Resources */,
			);
			buildRules = (
			);
			dependencies = (
			);
			name = Axon;
			productName = Axon;
			productReference = B978FE0521F8FA4800AC8335 /* Axon.app */;
			productType = "com.apple.product-type.application";
		};
/* End PBXNativeTarget section */

/* Begin PBXProject section */
		B978FDFD21F8FA4800AC8335 /* Project object */ = {
			isa = PBXProject;
			attributes = {
				LastSwiftUpdateCheck = 1010;
				LastUpgradeCheck = 1010;
				ORGANIZATIONNAME = "Yaroslav Zakharchuk";
				TargetAttributes = {
					B978FE0421F8FA4800AC8335 = {
						CreatedOnToolsVersion = 10.1;
					};
				};
			};
			buildConfigurationList = B978FE0021F8FA4800AC8335 /* Build configuration list for PBXProject "Axon" */;
			compatibilityVersion = "Xcode 9.3";
			developmentRegion = en;
			hasScannedForEncodings = 0;
			knownRegions = (
				en,
				Base,
			);
			mainGroup = B978FDFC21F8FA4800AC8335;
			productRefGroup = B978FE0621F8FA4800AC8335 /* Products */;
			projectDirPath = "";
			projectRoot = "";
			targets = (
				B978FE0421F8FA4800AC8335 /* Axon */,
			);
		};
/* End PBXProject section */

/* Begin PBXResourcesBuildPhase section */
		B978FE0321F8FA4800AC8335 /* Resources */ = {
			isa = PBXResourcesBuildPhase;
			buildActionMask = 2147483647;
			files = (
				B978FE1321F8FA4D00AC8335 /* LaunchScreen.storyboard in Resources */,
				B9EFB41021F9E8BB002ACA03 /* UserCollectionViewCell.xib in Resources */,
				B978FE1021F8FA4D00AC8335 /* Assets.xcassets in Resources */,
				B978FE0E21F8FA4800AC8335 /* Main.storyboard in Resources */,
			);
			runOnlyForDeploymentPostprocessing = 0;
		};
/* End PBXResourcesBuildPhase section */

/* Begin PBXShellScriptBuildPhase section */
		21AC42A1F25F79CCC8B9446E /* [CP] Embed Pods Frameworks */ = {
			isa = PBXShellScriptBuildPhase;
			buildActionMask = 2147483647;
			files = (
			);
			inputPaths = (
				"${SRCROOT}/Pods/Target Support Files/Pods-Axon/Pods-Axon-frameworks.sh",
				"${BUILT_PRODUCTS_DIR}/Alamofire/Alamofire.framework",
				"${BUILT_PRODUCTS_DIR}/NVActivityIndicatorView/NVActivityIndicatorView.framework",
			);
			name = "[CP] Embed Pods Frameworks";
			outputPaths = (
				"${TARGET_BUILD_DIR}/${FRAMEWORKS_FOLDER_PATH}/Alamofire.framework",
				"${TARGET_BUILD_DIR}/${FRAMEWORKS_FOLDER_PATH}/NVActivityIndicatorView.framework",
			);
			runOnlyForDeploymentPostprocessing = 0;
			shellPath = /bin/sh;
			shellScript = "\"${SRCROOT}/Pods/Target Support Files/Pods-Axon/Pods-Axon-frameworks.sh\"\n";
			showEnvVarsInLog = 0;
		};
		C5FD5F4AFECA6BE5DB653EC0 /* [CP] Check Pods Manifest.lock */ = {
			isa = PBXShellScriptBuildPhase;
			buildActionMask = 2147483647;
			files = (
			);
			inputPaths = (
				"${PODS_PODFILE_DIR_PATH}/Podfile.lock",
				"${PODS_ROOT}/Manifest.lock",
			);
			name = "[CP] Check Pods Manifest.lock";
			outputPaths = (
				"$(DERIVED_FILE_DIR)/Pods-Axon-checkManifestLockResult.txt",
			);
			runOnlyForDeploymentPostprocessing = 0;
			shellPath = /bin/sh;
			shellScript = "diff \"${PODS_PODFILE_DIR_PATH}/Podfile.lock\" \"${PODS_ROOT}/Manifest.lock\" > /dev/null\nif [ $? != 0 ] ; then\n    # print error to STDERR\n    echo \"error: The sandbox is not in sync with the Podfile.lock. Run 'pod install' or update your CocoaPods installation.\" >&2\n    exit 1\nfi\n# This output is used by Xcode 'outputs' to avoid re-running this script phase.\necho \"SUCCESS\" > \"${SCRIPT_OUTPUT_FILE_0}\"\n";
			showEnvVarsInLog = 0;
		};
		ECDE19B86E96FF0F9392CE10 /* [CP] Copy Pods Resources */ = {
			isa = PBXShellScriptBuildPhase;
			buildActionMask = 2147483647;
			files = (
			);
			inputPaths = (
			);
			name = "[CP] Copy Pods Resources";
			outputPaths = (
			);
			runOnlyForDeploymentPostprocessing = 0;
			shellPath = /bin/sh;
			shellScript = "\"${SRCROOT}/Pods/Target Support Files/Pods-Axon/Pods-Axon-resources.sh\"\n";
			showEnvVarsInLog = 0;
		};
/* End PBXShellScriptBuildPhase section */

/* Begin PBXSourcesBuildPhase section */
		B978FE0121F8FA4800AC8335 /* Sources */ = {
			isa = PBXSourcesBuildPhase;
			buildActionMask = 2147483647;
			files = (
				B978FE0921F8FA4800AC8335 /* AppDelegate.swift in Sources */,
				B9EFB41B21FA6B8E002ACA03 /* SrtingExtension.swift in Sources */,
				B9EFB41221FA552D002ACA03 /* UserInfoViewController.swift in Sources */,
				B933ACEA21F909FA001ED63A /* Request.swift in Sources */,
				B933ACE321F90182001ED63A /* HomeViewController.swift in Sources */,
				B9EFB41921FA6481002ACA03 /* UICollectionViewExtension.swift in Sources */,
				B9EFB40F21F9E8BB002ACA03 /* UserCollectionViewCell.swift in Sources */,
				B9EFB40C21F9201E002ACA03 /* UserInfo.swift in Sources */,
				B933ACE721F901BE001ED63A /* HomeViewControllerExtension.swift in Sources */,
				B9EFB41521FA56AD002ACA03 /* UIImageExtension.swift in Sources */,
			);
			runOnlyForDeploymentPostprocessing = 0;
		};
/* End PBXSourcesBuildPhase section */

/* Begin PBXVariantGroup section */
		B978FE0C21F8FA4800AC8335 /* Main.storyboard */ = {
			isa = PBXVariantGroup;
			children = (
				B978FE0D21F8FA4800AC8335 /* Base */,
			);
			name = Main.storyboard;
			sourceTree = "<group>";
		};
		B978FE1121F8FA4D00AC8335 /* LaunchScreen.storyboard */ = {
			isa = PBXVariantGroup;
			children = (
				B978FE1221F8FA4D00AC8335 /* Base */,
			);
			name = LaunchScreen.storyboard;
			sourceTree = "<group>";
		};
/* End PBXVariantGroup section */

/* Begin XCBuildConfiguration section */
		B978FE1521F8FA4D00AC8335 /* Debug */ = {
			isa = XCBuildConfiguration;
			buildSettings = {
				ALWAYS_SEARCH_USER_PATHS = NO;
				CLANG_ANALYZER_NONNULL = YES;
				CLANG_ANALYZER_NUMBER_OBJECT_CONVERSION = YES_AGGRESSIVE;
				CLANG_CXX_LANGUAGE_STANDARD = "gnu++14";
				CLANG_CXX_LIBRARY = "libc++";
				CLANG_ENABLE_MODULES = YES;
				CLANG_ENABLE_OBJC_ARC = YES;
				CLANG_ENABLE_OBJC_WEAK = YES;
				CLANG_WARN_BLOCK_CAPTURE_AUTORELEASING = YES;
				CLANG_WARN_BOOL_CONVERSION = YES;
				CLANG_WARN_COMMA = YES;
				CLANG_WARN_CONSTANT_CONVERSION = YES;
				CLANG_WARN_DEPRECATED_OBJC_IMPLEMENTATIONS = YES;
				CLANG_WARN_DIRECT_OBJC_ISA_USAGE = YES_ERROR;
				CLANG_WARN_DOCUMENTATION_COMMENTS = YES;
				CLANG_WARN_EMPTY_BODY = YES;
				CLANG_WARN_ENUM_CONVERSION = YES;
				CLANG_WARN_INFINITE_RECURSION = YES;
				CLANG_WARN_INT_CONVERSION = YES;
				CLANG_WARN_NON_LITERAL_NULL_CONVERSION = YES;
				CLANG_WARN_OBJC_IMPLICIT_RETAIN_SELF = YES;
				CLANG_WARN_OBJC_LITERAL_CONVERSION = YES;
				CLANG_WARN_OBJC_ROOT_CLASS = YES_ERROR;
				CLANG_WARN_RANGE_LOOP_ANALYSIS = YES;
				CLANG_WARN_STRICT_PROTOTYPES = YES;
				CLANG_WARN_SUSPICIOUS_MOVE = YES;
				CLANG_WARN_UNGUARDED_AVAILABILITY = YES_AGGRESSIVE;
				CLANG_WARN_UNREACHABLE_CODE = YES;
				CLANG_WARN__DUPLICATE_METHOD_MATCH = YES;
				CODE_SIGN_IDENTITY = "iPhone Developer";
				COPY_PHASE_STRIP = NO;
				DEBUG_INFORMATION_FORMAT = dwarf;
				ENABLE_STRICT_OBJC_MSGSEND = YES;
				ENABLE_TESTABILITY = YES;
				GCC_C_LANGUAGE_STANDARD = gnu11;
				GCC_DYNAMIC_NO_PIC = NO;
				GCC_NO_COMMON_BLOCKS = YES;
				GCC_OPTIMIZATION_LEVEL = 0;
				GCC_PREPROCESSOR_DEFINITIONS = (
					"DEBUG=1",
					"$(inherited)",
				);
				GCC_WARN_64_TO_32_BIT_CONVERSION = YES;
				GCC_WARN_ABOUT_RETURN_TYPE = YES_ERROR;
				GCC_WARN_UNDECLARED_SELECTOR = YES;
				GCC_WARN_UNINITIALIZED_AUTOS = YES_AGGRESSIVE;
				GCC_WARN_UNUSED_FUNCTION = YES;
				GCC_WARN_UNUSED_VARIABLE = YES;
				IPHONEOS_DEPLOYMENT_TARGET = 12.1;
				MTL_ENABLE_DEBUG_INFO = INCLUDE_SOURCE;
				MTL_FAST_MATH = YES;
				ONLY_ACTIVE_ARCH = YES;
				SDKROOT = iphoneos;
				SWIFT_ACTIVE_COMPILATION_CONDITIONS = DEBUG;
				SWIFT_OPTIMIZATION_LEVEL = "-Onone";
			};
			name = Debug;
		};
		B978FE1621F8FA4D00AC8335 /* Release */ = {
			isa = XCBuildConfiguration;
			buildSettings = {
				ALWAYS_SEARCH_USER_PATHS = NO;
				CLANG_ANALYZER_NONNULL = YES;
				CLANG_ANALYZER_NUMBER_OBJECT_CONVERSION = YES_AGGRESSIVE;
				CLANG_CXX_LANGUAGE_STANDARD = "gnu++14";
				CLANG_CXX_LIBRARY = "libc++";
				CLANG_ENABLE_MODULES = YES;
				CLANG_ENABLE_OBJC_ARC = YES;
				CLANG_ENABLE_OBJC_WEAK = YES;
				CLANG_WARN_BLOCK_CAPTURE_AUTORELEASING = YES;
				CLANG_WARN_BOOL_CONVERSION = YES;
				CLANG_WARN_COMMA = YES;
				CLANG_WARN_CONSTANT_CONVERSION = YES;
				CLANG_WARN_DEPRECATED_OBJC_IMPLEMENTATIONS = YES;
				CLANG_WARN_DIRECT_OBJC_ISA_USAGE = YES_ERROR;
				CLANG_WARN_DOCUMENTATION_COMMENTS = YES;
				CLANG_WARN_EMPTY_BODY = YES;
				CLANG_WARN_ENUM_CONVERSION = YES;
				CLANG_WARN_INFINITE_RECURSION = YES;
				CLANG_WARN_INT_CONVERSION = YES;
				CLANG_WARN_NON_LITERAL_NULL_CONVERSION = YES;
				CLANG_WARN_OBJC_IMPLICIT_RETAIN_SELF = YES;
				CLANG_WARN_OBJC_LITERAL_CONVERSION = YES;
				CLANG_WARN_OBJC_ROOT_CLASS = YES_ERROR;
				CLANG_WARN_RANGE_LOOP_ANALYSIS = YES;
				CLANG_WARN_STRICT_PROTOTYPES = YES;
				CLANG_WARN_SUSPICIOUS_MOVE = YES;
				CLANG_WARN_UNGUARDED_AVAILABILITY = YES_AGGRESSIVE;
				CLANG_WARN_UNREACHABLE_CODE = YES;
				CLANG_WARN__DUPLICATE_METHOD_MATCH = YES;
				CODE_SIGN_IDENTITY = "iPhone Developer";
				COPY_PHASE_STRIP = NO;
				DEBUG_INFORMATION_FORMAT = "dwarf-with-dsym";
				ENABLE_NS_ASSERTIONS = NO;
				ENABLE_STRICT_OBJC_MSGSEND = YES;
				GCC_C_LANGUAGE_STANDARD = gnu11;
				GCC_NO_COMMON_BLOCKS = YES;
				GCC_WARN_64_TO_32_BIT_CONVERSION = YES;
				GCC_WARN_ABOUT_RETURN_TYPE = YES_ERROR;
				GCC_WARN_UNDECLARED_SELECTOR = YES;
				GCC_WARN_UNINITIALIZED_AUTOS = YES_AGGRESSIVE;
				GCC_WARN_UNUSED_FUNCTION = YES;
				GCC_WARN_UNUSED_VARIABLE = YES;
				IPHONEOS_DEPLOYMENT_TARGET = 12.1;
				MTL_ENABLE_DEBUG_INFO = NO;
				MTL_FAST_MATH = YES;
				SDKROOT = iphoneos;
				SWIFT_COMPILATION_MODE = wholemodule;
				SWIFT_OPTIMIZATION_LEVEL = "-O";
				VALIDATE_PRODUCT = YES;
			};
			name = Release;
		};
		B978FE1821F8FA4D00AC8335 /* Debug */ = {
			isa = XCBuildConfiguration;
			baseConfigurationReference = 03BF3A03F63D1FFCAE899E51 /* Pods-Axon.debug.xcconfig */;
			buildSettings = {
				ASSETCATALOG_COMPILER_APPICON_NAME = AppIcon;
				CODE_SIGN_STYLE = Automatic;
				DEVELOPMENT_TEAM = 9596FLHWUS;
				INFOPLIST_FILE = Axon/Info.plist;
				LD_RUNPATH_SEARCH_PATHS = (
					"$(inherited)",
					"@executable_path/Frameworks",
				);
				PRODUCT_BUNDLE_IDENTIFIER = "yzakharc.axon-test1";
				PRODUCT_NAME = "$(TARGET_NAME)";
				SWIFT_VERSION = 4.2;
				TARGETED_DEVICE_FAMILY = "1,2";
			};
			name = Debug;
		};
		B978FE1921F8FA4D00AC8335 /* Release */ = {
			isa = XCBuildConfiguration;
			baseConfigurationReference = 288D768AC3592877DAC65C44 /* Pods-Axon.release.xcconfig */;
			buildSettings = {
				ASSETCATALOG_COMPILER_APPICON_NAME = AppIcon;
				CODE_SIGN_STYLE = Automatic;
				DEVELOPMENT_TEAM = 9596FLHWUS;
				INFOPLIST_FILE = Axon/Info.plist;
				LD_RUNPATH_SEARCH_PATHS = (
					"$(inherited)",
					"@executable_path/Frameworks",
				);
				PRODUCT_BUNDLE_IDENTIFIER = "yzakharc.axon-test1";
				PRODUCT_NAME = "$(TARGET_NAME)";
				SWIFT_VERSION = 4.2;
				TARGETED_DEVICE_FAMILY = "1,2";
			};
			name = Release;
		};
/* End XCBuildConfiguration section */

/* Begin XCConfigurationList section */
		B978FE0021F8FA4800AC8335 /* Build configuration list for PBXProject "Axon" */ = {
			isa = XCConfigurationList;
			buildConfigurations = (
				B978FE1521F8FA4D00AC8335 /* Debug */,
				B978FE1621F8FA4D00AC8335 /* Release */,
			);
			defaultConfigurationIsVisible = 0;
			defaultConfigurationName = Release;
		};
		B978FE1721F8FA4D00AC8335 /* Build configuration list for PBXNativeTarget "Axon" */ = {
			isa = XCConfigurationList;
			buildConfigurations = (
				B978FE1821F8FA4D00AC8335 /* Debug */,
				B978FE1921F8FA4D00AC8335 /* Release */,
			);
			defaultConfigurationIsVisible = 0;
			defaultConfigurationName = Release;
		};
/* End XCConfigurationList section */
	};
	rootObject = B978FDFD21F8FA4800AC8335 /* Project object */;
}
